
Microsoft Visual Studio Solution File, Format Version 12.00
# Visual Studio 15
VisualStudioVersion = 15.0.27703.2047
MinimumVisualStudioVersion = 10.0.40219.1
Project("{9A19103F-16F7-4668-BE54-9A1E7A4F7556}") = "Cowboy.Stroke.AspNetCore", "Cowboy.Stoke.AspNetCore\Cowboy.Stroke.AspNetCore.csproj", "{29223AD7-AC9C-4EEB-8AEA-60C0513FA268}"
EndProject
Global
	GlobalSection(SolutionConfigurationPlatforms) = preSolution
		Debug|Any CPU = Debug|Any CPU
		Release|Any CPU = Release|Any CPU
	EndGlobalSection
	GlobalSection(ProjectConfigurationPlatforms) = postSolution
		{29223AD7-AC9C-4EEB-8AEA-60C0513FA268}.Debug|Any CPU.ActiveCfg = Debug|Any CPU
		{29223AD7-AC9C-4EEB-8AEA-60C0513FA268}.Debug|Any CPU.Build.0 = Debug|Any CPU
		{29223AD7-AC9C-4EEB-8AEA-60C0513FA268}.Release|Any CPU.ActiveCfg = Release|Any CPU
		{29223AD7-AC9C-4EEB-8AEA-60C0513FA268}.Release|Any CPU.Build.0 = Release|Any CPU
	EndGlobalSection
	GlobalSection(SolutionProperties) = preSolution
		HideSolutionNode = FALSE
	EndGlobalSection
	GlobalSection(ExtensibilityGlobals) = postSolution
		SolutionGuid = {10D5C132-C178-4C0A-A697-F71DDE191F73}
	EndGlobalSection
EndGlobal
